// !$*UTF8*$!
{
	archiveVersion = 1;
	classes = {
	};
	objectVersion = 56;
	objects = {

/* Begin PBXBuildFile section */
		4AAFA7442CDFF45600059C59 /* AppDelegate.swift in Sources */ = {isa = PBXBuildFile; fileRef = 4AAFA7432CDFF45600059C59 /* AppDelegate.swift */; };
		4AAFA7462CDFF45600059C59 /* ContentView.swift in Sources */ = {isa = PBXBuildFile; fileRef = 4AAFA7452CDFF45600059C59 /* ContentView.swift */; };
		4AAFA7482CDFF45700059C59 /* Assets.xcassets in Resources */ = {isa = PBXBuildFile; fileRef = 4AAFA7472CDFF45700059C59 /* Assets.xcassets */; };
		4AAFA74B2CDFF45700059C59 /* Preview Assets.xcassets in Resources */ = {isa = PBXBuildFile; fileRef = 4AAFA74A2CDFF45700059C59 /* Preview Assets.xcassets */; };
		4AAFA75C2CE0188900059C59 /* SpeechRecognitionManager.swift in Sources */ = {isa = PBXBuildFile; fileRef = 4AAFA75B2CE0188900059C59 /* SpeechRecognitionManager.swift */; };
		4AAFA75F2CE0692300059C59 /* ARSceneViewContainer.swift in Sources */ = {isa = PBXBuildFile; fileRef = 4AAFA75E2CE0692300059C59 /* ARSceneViewContainer.swift */; };
		4AAFA7612CE0695700059C59 /* ARSceneCoordinator.swift in Sources */ = {isa = PBXBuildFile; fileRef = 4AAFA7602CE0695700059C59 /* ARSceneCoordinator.swift */; };
		4AAFA7632CE0696F00059C59 /* ARTextPanel.swift in Sources */ = {isa = PBXBuildFile; fileRef = 4AAFA7622CE0696F00059C59 /* ARTextPanel.swift */; };
		4AAFA7662CE0699000059C59 /* Extensions.swift in Sources */ = {isa = PBXBuildFile; fileRef = 4AAFA7652CE0699000059C59 /* Extensions.swift */; };
		4AAFA7682CE069A300059C59 /* Types.swift in Sources */ = {isa = PBXBuildFile; fileRef = 4AAFA7672CE069A300059C59 /* Types.swift */; };
		4AAFA76B2CE06A0300059C59 /* NetworkingManager.swift in Sources */ = {isa = PBXBuildFile; fileRef = 4AAFA76A2CE06A0300059C59 /* NetworkingManager.swift */; };
		4AAFA76D2CE0736000059C59 /* AnimationDelegate.swift in Sources */ = {isa = PBXBuildFile; fileRef = 4AAFA76C2CE0736000059C59 /* AnimationDelegate.swift */; };
/* End PBXBuildFile section */

/* Begin PBXFileReference section */
		4AAFA7402CDFF45600059C59 /* HelloWorld.app */ = {isa = PBXFileReference; explicitFileType = wrapper.application; includeInIndex = 0; path = HelloWorld.app; sourceTree = BUILT_PRODUCTS_DIR; };
		4AAFA7432CDFF45600059C59 /* AppDelegate.swift */ = {isa = PBXFileReference; lastKnownFileType = sourcecode.swift; path = AppDelegate.swift; sourceTree = "<group>"; };
		4AAFA7452CDFF45600059C59 /* ContentView.swift */ = {isa = PBXFileReference; lastKnownFileType = sourcecode.swift; path = ContentView.swift; sourceTree = "<group>"; };
		4AAFA7472CDFF45700059C59 /* Assets.xcassets */ = {isa = PBXFileReference; lastKnownFileType = folder.assetcatalog; path = Assets.xcassets; sourceTree = "<group>"; };
		4AAFA74A2CDFF45700059C59 /* Preview Assets.xcassets */ = {isa = PBXFileReference; lastKnownFileType = folder.assetcatalog; path = "Preview Assets.xcassets"; sourceTree = "<group>"; };
		4AAFA7542CDFFBAE00059C59 /* Metal.framework */ = {isa = PBXFileReference; lastKnownFileType = wrapper.framework; name = Metal.framework; path = System/Library/Frameworks/Metal.framework; sourceTree = SDKROOT; };
		4AAFA75B2CE0188900059C59 /* SpeechRecognitionManager.swift */ = {isa = PBXFileReference; lastKnownFileType = sourcecode.swift; path = SpeechRecognitionManager.swift; sourceTree = "<group>"; };
		4AAFA75E2CE0692300059C59 /* ARSceneViewContainer.swift */ = {isa = PBXFileReference; lastKnownFileType = sourcecode.swift; path = ARSceneViewContainer.swift; sourceTree = "<group>"; };
		4AAFA7602CE0695700059C59 /* ARSceneCoordinator.swift */ = {isa = PBXFileReference; lastKnownFileType = sourcecode.swift; path = ARSceneCoordinator.swift; sourceTree = "<group>"; };
		4AAFA7622CE0696F00059C59 /* ARTextPanel.swift */ = {isa = PBXFileReference; lastKnownFileType = sourcecode.swift; path = ARTextPanel.swift; sourceTree = "<group>"; };
		4AAFA7652CE0699000059C59 /* Extensions.swift */ = {isa = PBXFileReference; lastKnownFileType = sourcecode.swift; path = Extensions.swift; sourceTree = "<group>"; };
		4AAFA7672CE069A300059C59 /* Types.swift */ = {isa = PBXFileReference; lastKnownFileType = sourcecode.swift; path = Types.swift; sourceTree = "<group>"; };
		4AAFA76A2CE06A0300059C59 /* NetworkingManager.swift */ = {isa = PBXFileReference; lastKnownFileType = sourcecode.swift; path = NetworkingManager.swift; sourceTree = "<group>"; };
		4AAFA76C2CE0736000059C59 /* AnimationDelegate.swift */ = {isa = PBXFileReference; lastKnownFileType = sourcecode.swift; path = AnimationDelegate.swift; sourceTree = "<group>"; };
		4AAFA76E2CE09B7C00059C59 /* Info.plist */ = {isa = PBXFileReference; lastKnownFileType = text.plist; path = Info.plist; sourceTree = "<group>"; };
/* End PBXFileReference section */

/* Begin PBXFrameworksBuildPhase section */
		4AAFA73D2CDFF45600059C59 /* Frameworks */ = {
			isa = PBXFrameworksBuildPhase;
			buildActionMask = 2147483647;
			files = (
			);
			runOnlyForDeploymentPostprocessing = 0;
		};
/* End PBXFrameworksBuildPhase section */

/* Begin PBXGroup section */
		4AAFA7372CDFF45600059C59 = {
			isa = PBXGroup;
			children = (
				4AAFA7422CDFF45600059C59 /* HelloWorld */,
				4AAFA7412CDFF45600059C59 /* Products */,
				4AAFA7532CDFFBAE00059C59 /* Frameworks */,
			);
			sourceTree = "<group>";
		};
		4AAFA7412CDFF45600059C59 /* Products */ = {
			isa = PBXGroup;
			children = (
				4AAFA7402CDFF45600059C59 /* HelloWorld.app */,
			);
			name = Products;
			sourceTree = "<group>";
		};
		4AAFA7422CDFF45600059C59 /* HelloWorld */ = {
			isa = PBXGroup;
			children = (
				4AAFA76E2CE09B7C00059C59 /* Info.plist */,
				4AAFA7692CE069F500059C59 /* Commands */,
				4AAFA7642CE0698900059C59 /* Utils */,
				4AAFA75D2CE0691200059C59 /* AR */,
				4AAFA7432CDFF45600059C59 /* AppDelegate.swift */,
				4AAFA7452CDFF45600059C59 /* ContentView.swift */,
				4AAFA7472CDFF45700059C59 /* Assets.xcassets */,
				4AAFA7492CDFF45700059C59 /* Preview Content */,
			);
			path = HelloWorld;
			sourceTree = "<group>";
		};
		4AAFA7492CDFF45700059C59 /* Preview Content */ = {
			isa = PBXGroup;
			children = (
				4AAFA74A2CDFF45700059C59 /* Preview Assets.xcassets */,
			);
			path = "Preview Content";
			sourceTree = "<group>";
		};
		4AAFA7532CDFFBAE00059C59 /* Frameworks */ = {
			isa = PBXGroup;
			children = (
				4AAFA7542CDFFBAE00059C59 /* Metal.framework */,
			);
			name = Frameworks;
			sourceTree = "<group>";
		};
		4AAFA75D2CE0691200059C59 /* AR */ = {
			isa = PBXGroup;
			children = (
				4AAFA75E2CE0692300059C59 /* ARSceneViewContainer.swift */,
				4AAFA7602CE0695700059C59 /* ARSceneCoordinator.swift */,
				4AAFA7622CE0696F00059C59 /* ARTextPanel.swift */,
			);
			path = AR;
			sourceTree = "<group>";
		};
		4AAFA7642CE0698900059C59 /* Utils */ = {
			isa = PBXGroup;
			children = (
				4AAFA7652CE0699000059C59 /* Extensions.swift */,
				4AAFA7672CE069A300059C59 /* Types.swift */,
				4AAFA76C2CE0736000059C59 /* AnimationDelegate.swift */,
			);
			path = Utils;
			sourceTree = "<group>";
		};
		4AAFA7692CE069F500059C59 /* Commands */ = {
			isa = PBXGroup;
			children = (
				4AAFA75B2CE0188900059C59 /* SpeechRecognitionManager.swift */,
				4AAFA76A2CE06A0300059C59 /* NetworkingManager.swift */,
			);
			path = Commands;
			sourceTree = "<group>";
		};
/* End PBXGroup section */

/* Begin PBXNativeTarget section */
		4AAFA73F2CDFF45600059C59 /* HelloWorld */ = {
			isa = PBXNativeTarget;
			buildConfigurationList = 4AAFA74E2CDFF45700059C59 /* Build configuration list for PBXNativeTarget "HelloWorld" */;
			buildPhases = (
				4AAFA73C2CDFF45600059C59 /* Sources */,
				4AAFA73D2CDFF45600059C59 /* Frameworks */,
				4AAFA73E2CDFF45600059C59 /* Resources */,
			);
			buildRules = (
			);
			dependencies = (
			);
			name = HelloWorld;
			productName = HelloWorld;
			productReference = 4AAFA7402CDFF45600059C59 /* HelloWorld.app */;
			productType = "com.apple.product-type.application";
		};
/* End PBXNativeTarget section */

/* Begin PBXProject section */
		4AAFA7382CDFF45600059C59 /* Project object */ = {
			isa = PBXProject;
			attributes = {
				BuildIndependentTargetsInParallel = 1;
				LastSwiftUpdateCheck = 1540;
				LastUpgradeCheck = 1540;
				TargetAttributes = {
					4AAFA73F2CDFF45600059C59 = {
						CreatedOnToolsVersion = 15.4;
					};
				};
			};
			buildConfigurationList = 4AAFA73B2CDFF45600059C59 /* Build configuration list for PBXProject "HelloWorld" */;
			compatibilityVersion = "Xcode 14.0";
			developmentRegion = en;
			hasScannedForEncodings = 0;
			knownRegions = (
				en,
				Base,
			);
			mainGroup = 4AAFA7372CDFF45600059C59;
			productRefGroup = 4AAFA7412CDFF45600059C59 /* Products */;
			projectDirPath = "";
			projectRoot = "";
			targets = (
				4AAFA73F2CDFF45600059C59 /* HelloWorld */,
			);
		};
/* End PBXProject section */

/* Begin PBXResourcesBuildPhase section */
		4AAFA73E2CDFF45600059C59 /* Resources */ = {
			isa = PBXResourcesBuildPhase;
			buildActionMask = 2147483647;
			files = (
				4AAFA74B2CDFF45700059C59 /* Preview Assets.xcassets in Resources */,
				4AAFA7482CDFF45700059C59 /* Assets.xcassets in Resources */,
			);
			runOnlyForDeploymentPostprocessing = 0;
		};
/* End PBXResourcesBuildPhase section */

/* Begin PBXSourcesBuildPhase section */
		4AAFA73C2CDFF45600059C59 /* Sources */ = {
			isa = PBXSourcesBuildPhase;
			buildActionMask = 2147483647;
			files = (
				4AAFA7462CDFF45600059C59 /* ContentView.swift in Sources */,
				4AAFA7632CE0696F00059C59 /* ARTextPanel.swift in Sources */,
				4AAFA75C2CE0188900059C59 /* SpeechRecognitionManager.swift in Sources */,
				4AAFA76D2CE0736000059C59 /* AnimationDelegate.swift in Sources */,
				4AAFA7662CE0699000059C59 /* Extensions.swift in Sources */,
				4AAFA75F2CE0692300059C59 /* ARSceneViewContainer.swift in Sources */,
				4AAFA7682CE069A300059C59 /* Types.swift in Sources */,
				4AAFA76B2CE06A0300059C59 /* NetworkingManager.swift in Sources */,
				4AAFA7612CE0695700059C59 /* ARSceneCoordinator.swift in Sources */,
				4AAFA7442CDFF45600059C59 /* AppDelegate.swift in Sources */,
			);
			runOnlyForDeploymentPostprocessing = 0;
		};
/* End PBXSourcesBuildPhase section */

/* Begin XCBuildConfiguration section */
		4AAFA74C2CDFF45700059C59 /* Debug */ = {
			isa = XCBuildConfiguration;
			buildSettings = {
				ALWAYS_SEARCH_USER_PATHS = NO;
				ASSETCATALOG_COMPILER_GENERATE_SWIFT_ASSET_SYMBOL_EXTENSIONS = YES;
				CLANG_ANALYZER_NONNULL = YES;
				CLANG_ANALYZER_NUMBER_OBJECT_CONVERSION = YES_AGGRESSIVE;
				CLANG_CXX_LANGUAGE_STANDARD = "gnu++20";
				CLANG_ENABLE_MODULES = YES;
				CLANG_ENABLE_OBJC_ARC = YES;
				CLANG_ENABLE_OBJC_WEAK = YES;
				CLANG_WARN_BLOCK_CAPTURE_AUTORELEASING = YES;
				CLANG_WARN_BOOL_CONVERSION = YES;
				CLANG_WARN_COMMA = YES;
				CLANG_WARN_CONSTANT_CONVERSION = YES;
				CLANG_WARN_DEPRECATED_OBJC_IMPLEMENTATIONS = YES;
				CLANG_WARN_DIRECT_OBJC_ISA_USAGE = YES_ERROR;
				CLANG_WARN_DOCUMENTATION_COMMENTS = YES;
				CLANG_WARN_EMPTY_BODY = YES;
				CLANG_WARN_ENUM_CONVERSION = YES;
				CLANG_WARN_INFINITE_RECURSION = YES;
				CLANG_WARN_INT_CONVERSION = YES;
				CLANG_WARN_NON_LITERAL_NULL_CONVERSION = YES;
				CLANG_WARN_OBJC_IMPLICIT_RETAIN_SELF = YES;
				CLANG_WARN_OBJC_LITERAL_CONVERSION = YES;
				CLANG_WARN_OBJC_ROOT_CLASS = YES_ERROR;
				CLANG_WARN_QUOTED_INCLUDE_IN_FRAMEWORK_HEADER = YES;
				CLANG_WARN_RANGE_LOOP_ANALYSIS = YES;
				CLANG_WARN_STRICT_PROTOTYPES = YES;
				CLANG_WARN_SUSPICIOUS_MOVE = YES;
				CLANG_WARN_UNGUARDED_AVAILABILITY = YES_AGGRESSIVE;
				CLANG_WARN_UNREACHABLE_CODE = YES;
				CLANG_WARN__DUPLICATE_METHOD_MATCH = YES;
				COPY_PHASE_STRIP = NO;
				DEBUG_INFORMATION_FORMAT = dwarf;
				ENABLE_STRICT_OBJC_MSGSEND = YES;
				ENABLE_TESTABILITY = YES;
				ENABLE_USER_SCRIPT_SANDBOXING = YES;
				GCC_C_LANGUAGE_STANDARD = gnu17;
				GCC_DYNAMIC_NO_PIC = NO;
				GCC_NO_COMMON_BLOCKS = YES;
				GCC_OPTIMIZATION_LEVEL = 0;
				GCC_PREPROCESSOR_DEFINITIONS = (
					"DEBUG=1",
					"$(inherited)",
				);
				GCC_WARN_64_TO_32_BIT_CONVERSION = YES;
				GCC_WARN_ABOUT_RETURN_TYPE = YES_ERROR;
				GCC_WARN_UNDECLARED_SELECTOR = YES;
				GCC_WARN_UNINITIALIZED_AUTOS = YES_AGGRESSIVE;
				GCC_WARN_UNUSED_FUNCTION = YES;
				GCC_WARN_UNUSED_VARIABLE = YES;
				IPHONEOS_DEPLOYMENT_TARGET = 17.5;
				LOCALIZATION_PREFERS_STRING_CATALOGS = YES;
				MTL_ENABLE_DEBUG_INFO = INCLUDE_SOURCE;
				MTL_FAST_MATH = YES;
				ONLY_ACTIVE_ARCH = YES;
				SDKROOT = iphoneos;
				SWIFT_ACTIVE_COMPILATION_CONDITIONS = "DEBUG $(inherited)";
				SWIFT_OPTIMIZATION_LEVEL = "-Onone";
			};
			name = Debug;
		};
		4AAFA74D2CDFF45700059C59 /* Release */ = {
			isa = XCBuildConfiguration;
			buildSettings = {
				ALWAYS_SEARCH_USER_PATHS = NO;
				ASSETCATALOG_COMPILER_GENERATE_SWIFT_ASSET_SYMBOL_EXTENSIONS = YES;
				CLANG_ANALYZER_NONNULL = YES;
				CLANG_ANALYZER_NUMBER_OBJECT_CONVERSION = YES_AGGRESSIVE;
				CLANG_CXX_LANGUAGE_STANDARD = "gnu++20";
				CLANG_ENABLE_MODULES = YES;
				CLANG_ENABLE_OBJC_ARC = YES;
				CLANG_ENABLE_OBJC_WEAK = YES;
				CLANG_WARN_BLOCK_CAPTURE_AUTORELEASING = YES;
				CLANG_WARN_BOOL_CONVERSION = YES;
				CLANG_WARN_COMMA = YES;
				CLANG_WARN_CONSTANT_CONVERSION = YES;
				CLANG_WARN_DEPRECATED_OBJC_IMPLEMENTATIONS = YES;
				CLANG_WARN_DIRECT_OBJC_ISA_USAGE = YES_ERROR;
				CLANG_WARN_DOCUMENTATION_COMMENTS = YES;
				CLANG_WARN_EMPTY_BODY = YES;
				CLANG_WARN_ENUM_CONVERSION = YES;
				CLANG_WARN_INFINITE_RECURSION = YES;
				CLANG_WARN_INT_CONVERSION = YES;
				CLANG_WARN_NON_LITERAL_NULL_CONVERSION = YES;
				CLANG_WARN_OBJC_IMPLICIT_RETAIN_SELF = YES;
				CLANG_WARN_OBJC_LITERAL_CONVERSION = YES;
				CLANG_WARN_OBJC_ROOT_CLASS = YES_ERROR;
				CLANG_WARN_QUOTED_INCLUDE_IN_FRAMEWORK_HEADER = YES;
				CLANG_WARN_RANGE_LOOP_ANALYSIS = YES;
				CLANG_WARN_STRICT_PROTOTYPES = YES;
				CLANG_WARN_SUSPICIOUS_MOVE = YES;
				CLANG_WARN_UNGUARDED_AVAILABILITY = YES_AGGRESSIVE;
				CLANG_WARN_UNREACHABLE_CODE = YES;
				CLANG_WARN__DUPLICATE_METHOD_MATCH = YES;
				COPY_PHASE_STRIP = NO;
				DEBUG_INFORMATION_FORMAT = "dwarf-with-dsym";
				ENABLE_NS_ASSERTIONS = NO;
				ENABLE_STRICT_OBJC_MSGSEND = YES;
				ENABLE_USER_SCRIPT_SANDBOXING = YES;
				GCC_C_LANGUAGE_STANDARD = gnu17;
				GCC_NO_COMMON_BLOCKS = YES;
				GCC_WARN_64_TO_32_BIT_CONVERSION = YES;
				GCC_WARN_ABOUT_RETURN_TYPE = YES_ERROR;
				GCC_WARN_UNDECLARED_SELECTOR = YES;
				GCC_WARN_UNINITIALIZED_AUTOS = YES_AGGRESSIVE;
				GCC_WARN_UNUSED_FUNCTION = YES;
				GCC_WARN_UNUSED_VARIABLE = YES;
				IPHONEOS_DEPLOYMENT_TARGET = 17.5;
				LOCALIZATION_PREFERS_STRING_CATALOGS = YES;
				MTL_ENABLE_DEBUG_INFO = NO;
				MTL_FAST_MATH = YES;
				SDKROOT = iphoneos;
				SWIFT_COMPILATION_MODE = wholemodule;
				VALIDATE_PRODUCT = YES;
			};
			name = Release;
		};
		4AAFA74F2CDFF45700059C59 /* Debug */ = {
			isa = XCBuildConfiguration;
			buildSettings = {
				ASSETCATALOG_COMPILER_APPICON_NAME = AppIcon;
				ASSETCATALOG_COMPILER_GLOBAL_ACCENT_COLOR_NAME = AccentColor;
				CODE_SIGN_STYLE = Automatic;
				CURRENT_PROJECT_VERSION = 1;
				DEVELOPMENT_ASSET_PATHS = "\"HelloWorld/Preview Content\"";
				DEVELOPMENT_TEAM = NC9PRSDQA7;
				ENABLE_PREVIEWS = YES;
				GENERATE_INFOPLIST_FILE = YES;
				INFOPLIST_FILE = HelloWorld/Info.plist;
				INFOPLIST_KEY_NSCameraUsageDescription = "";
				INFOPLIST_KEY_NSMicrophoneUsageDescription = "For speech to text capabilities";
				INFOPLIST_KEY_NSSpeechRecognitionUsageDescription = "For speech to text capabilities";
				INFOPLIST_KEY_UIApplicationSupportsIndirectInputEvents = YES;
				INFOPLIST_KEY_UILaunchScreen_Generation = YES;
				INFOPLIST_KEY_UIRequiredDeviceCapabilities = arkit;
				INFOPLIST_KEY_UIStatusBarHidden = YES;
				INFOPLIST_KEY_UISupportedInterfaceOrientations_iPad = "UIInterfaceOrientationPortrait UIInterfaceOrientationPortraitUpsideDown UIInterfaceOrientationLandscapeLeft UIInterfaceOrientationLandscapeRight";
				INFOPLIST_KEY_UISupportedInterfaceOrientations_iPhone = "UIInterfaceOrientationPortrait UIInterfaceOrientationLandscapeLeft UIInterfaceOrientationLandscapeRight";
				LD_RUNPATH_SEARCH_PATHS = (
					"$(inherited)",
					"@executable_path/Frameworks",
				);
				MARKETING_VERSION = 1.0;
				PRODUCT_BUNDLE_IDENTIFIER = com.intuition.HelloWorld;
				PRODUCT_NAME = "$(TARGET_NAME)";
				SWIFT_EMIT_LOC_STRINGS = YES;
				SWIFT_VERSION = 5.0;
				TARGETED_DEVICE_FAMILY = "1,2";
			};
			name = Debug;
		};
		4AAFA7502CDFF45700059C59 /* Release */ = {
			isa = XCBuildConfiguration;
			buildSettings = {
				ASSETCATALOG_COMPILER_APPICON_NAME = AppIcon;
				ASSETCATALOG_COMPILER_GLOBAL_ACCENT_COLOR_NAME = AccentColor;
				CODE_SIGN_STYLE = Automatic;
				CURRENT_PROJECT_VERSION = 1;
				DEVELOPMENT_ASSET_PATHS = "\"HelloWorld/Preview Content\"";
				DEVELOPMENT_TEAM = NC9PRSDQA7;
				ENABLE_PREVIEWS = YES;
				GENERATE_INFOPLIST_FILE = YES;
				INFOPLIST_FILE = HelloWorld/Info.plist;
				INFOPLIST_KEY_NSCameraUsageDescription = "";
				INFOPLIST_KEY_NSMicrophoneUsageDescription = "For speech to text capabilities";
				INFOPLIST_KEY_NSSpeechRecognitionUsageDescription = "For speech to text capabilities";
				INFOPLIST_KEY_UIApplicationSupportsIndirectInputEvents = YES;
				INFOPLIST_KEY_UILaunchScreen_Generation = YES;
				INFOPLIST_KEY_UIRequiredDeviceCapabilities = arkit;
				INFOPLIST_KEY_UIStatusBarHidden = YES;
				INFOPLIST_KEY_UISupportedInterfaceOrientations_iPad = "UIInterfaceOrientationPortrait UIInterfaceOrientationPortraitUpsideDown UIInterfaceOrientationLandscapeLeft UIInterfaceOrientationLandscapeRight";
				INFOPLIST_KEY_UISupportedInterfaceOrientations_iPhone = "UIInterfaceOrientationPortrait UIInterfaceOrientationLandscapeLeft UIInterfaceOrientationLandscapeRight";
				LD_RUNPATH_SEARCH_PATHS = (
					"$(inherited)",
					"@executable_path/Frameworks",
				);
				MARKETING_VERSION = 1.0;
				PRODUCT_BUNDLE_IDENTIFIER = com.intuition.HelloWorld;
				PRODUCT_NAME = "$(TARGET_NAME)";
				SWIFT_EMIT_LOC_STRINGS = YES;
				SWIFT_VERSION = 5.0;
				TARGETED_DEVICE_FAMILY = "1,2";
			};
			name = Release;
		};
/* End XCBuildConfiguration section */

/* Begin XCConfigurationList section */
		4AAFA73B2CDFF45600059C59 /* Build configuration list for PBXProject "HelloWorld" */ = {
			isa = XCConfigurationList;
			buildConfigurations = (
				4AAFA74C2CDFF45700059C59 /* Debug */,
				4AAFA74D2CDFF45700059C59 /* Release */,
			);
			defaultConfigurationIsVisible = 0;
			defaultConfigurationName = Release;
		};
		4AAFA74E2CDFF45700059C59 /* Build configuration list for PBXNativeTarget "HelloWorld" */ = {
			isa = XCConfigurationList;
			buildConfigurations = (
				4AAFA74F2CDFF45700059C59 /* Debug */,
				4AAFA7502CDFF45700059C59 /* Release */,
			);
			defaultConfigurationIsVisible = 0;
			defaultConfigurationName = Release;
		};
/* End XCConfigurationList section */
	};
	rootObject = 4AAFA7382CDFF45600059C59 /* Project object */;
}
